
Microsoft Visual Studio Solution File, Format Version 12.00
# Visual Studio Version 17
VisualStudioVersion = 17.11.35327.3
MinimumVisualStudioVersion = 10.0.40219.1
Project("{FAE04EC0-301F-11D3-BF4B-00C04F79EFBC}") = "ASMKTNC", "ASMKTNC\ASMKTNC.csproj", "{E7246A7A-9693-4935-B811-6FF244406741}"
EndProject
Project("{FAE04EC0-301F-11D3-BF4B-00C04F79EFBC}") = "Bai2", "Bai2\Bai2.csproj", "{E57DA42F-87F6-425F-B53E-B792D8CD5293}"
EndProject
Project("{FAE04EC0-301F-11D3-BF4B-00C04F79EFBC}") = "BAi3", "BAi3\BAi3.csproj", "{BC6B9230-DEF7-4751-A582-97A526FEB06A}"
EndProject
Project("{FAE04EC0-301F-11D3-BF4B-00C04F79EFBC}") = "BAI4", "BAI4\BAI4.csproj", "{80F212C2-B28D-4457-BD22-BFC82757104F}"
EndProject
Project("{FAE04EC0-301F-11D3-BF4B-00C04F79EFBC}") = "BAI6", "BAI6\BAI6.csproj", "{3D4CC019-B800-45AB-909E-2F6D25D22871}"
EndProject
Global
	GlobalSection(SolutionConfigurationPlatforms) = preSolution
		Debug|Any CPU = Debug|Any CPU
		Release|Any CPU = Release|Any CPU
	EndGlobalSection
	GlobalSection(ProjectConfigurationPlatforms) = postSolution
		{E7246A7A-9693-4935-B811-6FF244406741}.Debug|Any CPU.ActiveCfg = Debug|Any CPU
		{E7246A7A-9693-4935-B811-6FF244406741}.Debug|Any CPU.Build.0 = Debug|Any CPU
		{E7246A7A-9693-4935-B811-6FF244406741}.Release|Any CPU.ActiveCfg = Release|Any CPU
		{E7246A7A-9693-4935-B811-6FF244406741}.Release|Any CPU.Build.0 = Release|Any CPU
		{E57DA42F-87F6-425F-B53E-B792D8CD5293}.Debug|Any CPU.ActiveCfg = Debug|Any CPU
		{E57DA42F-87F6-425F-B53E-B792D8CD5293}.Debug|Any CPU.Build.0 = Debug|Any CPU
		{E57DA42F-87F6-425F-B53E-B792D8CD5293}.Release|Any CPU.ActiveCfg = Release|Any CPU
		{E57DA42F-87F6-425F-B53E-B792D8CD5293}.Release|Any CPU.Build.0 = Release|Any CPU
		{BC6B9230-DEF7-4751-A582-97A526FEB06A}.Debug|Any CPU.ActiveCfg = Debug|Any CPU
		{BC6B9230-DEF7-4751-A582-97A526FEB06A}.Debug|Any CPU.Build.0 = Debug|Any CPU
		{BC6B9230-DEF7-4751-A582-97A526FEB06A}.Release|Any CPU.ActiveCfg = Release|Any CPU
		{BC6B9230-DEF7-4751-A582-97A526FEB06A}.Release|Any CPU.Build.0 = Release|Any CPU
		{80F212C2-B28D-4457-BD22-BFC82757104F}.Debug|Any CPU.ActiveCfg = Debug|Any CPU
		{80F212C2-B28D-4457-BD22-BFC82757104F}.Debug|Any CPU.Build.0 = Debug|Any CPU
		{80F212C2-B28D-4457-BD22-BFC82757104F}.Release|Any CPU.ActiveCfg = Release|Any CPU
		{80F212C2-B28D-4457-BD22-BFC82757104F}.Release|Any CPU.Build.0 = Release|Any CPU
		{3D4CC019-B800-45AB-909E-2F6D25D22871}.Debug|Any CPU.ActiveCfg = Debug|Any CPU
		{3D4CC019-B800-45AB-909E-2F6D25D22871}.Debug|Any CPU.Build.0 = Debug|Any CPU
		{3D4CC019-B800-45AB-909E-2F6D25D22871}.Release|Any CPU.ActiveCfg = Release|Any CPU
		{3D4CC019-B800-45AB-909E-2F6D25D22871}.Release|Any CPU.Build.0 = Release|Any CPU
	EndGlobalSection
	GlobalSection(SolutionProperties) = preSolution
		HideSolutionNode = FALSE
	EndGlobalSection
	GlobalSection(ExtensibilityGlobals) = postSolution
		SolutionGuid = {CAC92A4B-3489-487F-81CC-B7DF3CB07A7F}
	EndGlobalSection
EndGlobal
